{
  "name": "wikipediapreview-wordpress",
  "version": "1.0.0",
  "lockfileVersion": 1,
  "requires": true,
  "dependencies": {
    "dompurify": {
      "version": "2.2.7",
      "resolved": "https://registry.npmjs.org/dompurify/-/dompurify-2.2.7.tgz",
      "integrity": "sha512-jdtDffdGNY+C76jvodNTu9jt5yYj59vuTUyx+wXdzcSwAGTYZDAQkQ7Iwx9zcGrA4ixC1syU4H3RZROqRxokxg=="
    },
    "wikipedia-preview": {
      "version": "1.1.1",
      "resolved": "https://registry.npmjs.org/wikipedia-preview/-/wikipedia-preview-1.1.1.tgz",
      "integrity": "sha512-uegTSyv+XHTfh4cPog9EG9/S/BJw2lC4AD1H5dZmfx0V92HRVnE6o5IsiJ436SVnQord4I3OfkpOuCNA9sejTg==",
      "requires": {
        "dompurify": "^2.1.0"
      }
    }
  }
}
