{
  "name": "wikipediapreview-wordpress",
  "version": "1.0.0",
  "lockfileVersion": 1,
  "requires": true,
  "dependencies": {
    "dompurify": {
      "version": "2.2.8",
      "resolved": "https://registry.npmjs.org/dompurify/-/dompurify-2.2.8.tgz",
      "integrity": "sha512-9H0UL59EkDLgY3dUFjLV6IEUaHm5qp3mxSqWw7Yyx4Zhk2Jn2cmLe+CNPP3xy13zl8Bqg+0NehQzkdMoVhGRww=="
    },
    "wikipedia-preview": {
      "version": "1.2.0",
      "resolved": "https://registry.npmjs.org/wikipedia-preview/-/wikipedia-preview-1.2.0.tgz",
      "integrity": "sha512-wV5uMApdcz8nZM+PsESYwrdVqILTNfN9cdaCHs/w5Gc+b3MDXh0/NovitBL3DuGEGMlFtv/e+IYquTU9dH/hrQ==",
      "requires": {
        "dompurify": "^2.1.0"
      }
    }
  }
}
